// !$*UTF8*$!
{
	archiveVersion = 1;
	classes = {
	};
	objectVersion = 46;
	objects = {

/* Begin PBXBuildFile section */
		301CBC0415F135E000A746BD /* CompanyObject.m in Sources */ = {isa = PBXBuildFile; fileRef = 301CBC0315F135E000A746BD /* CompanyObject.m */; };
		301CBC0815F13ADF00A746BD /* NewsObject.m in Sources */ = {isa = PBXBuildFile; fileRef = 301CBC0715F13ADF00A746BD /* NewsObject.m */; };
		301CBC0B15F13E0E00A746BD /* DatabaseHelper.m in Sources */ = {isa = PBXBuildFile; fileRef = 301CBC0A15F13E0E00A746BD /* DatabaseHelper.m */; };
		301CBC0D15F13E3500A746BD /* SBADatabase.sqlite in Resources */ = {isa = PBXBuildFile; fileRef = 301CBC0C15F13E3500A746BD /* SBADatabase.sqlite */; };
		301CBC1315F1435200A746BD /* libsqlite3.dylib in Frameworks */ = {isa = PBXBuildFile; fileRef = 301CBC1215F1435200A746BD /* libsqlite3.dylib */; };
		301E491615EE84E5003BBBEB /* CategoryListView.m in Sources */ = {isa = PBXBuildFile; fileRef = 301E491415EE84E5003BBBEB /* CategoryListView.m */; };
		301E491715EE84E5003BBBEB /* CategoryListView.xib in Resources */ = {isa = PBXBuildFile; fileRef = 301E491515EE84E5003BBBEB /* CategoryListView.xib */; };
		301E491B15EE8508003BBBEB /* MemeberListView.m in Sources */ = {isa = PBXBuildFile; fileRef = 301E491915EE8508003BBBEB /* MemeberListView.m */; };
		301E491C15EE8508003BBBEB /* MemeberListView.xib in Resources */ = {isa = PBXBuildFile; fileRef = 301E491A15EE8508003BBBEB /* MemeberListView.xib */; };
		304E118515ED353900E871EE /* UIKit.framework in Frameworks */ = {isa = PBXBuildFile; fileRef = 304E118415ED353900E871EE /* UIKit.framework */; };
		304E118715ED353900E871EE /* Foundation.framework in Frameworks */ = {isa = PBXBuildFile; fileRef = 304E118615ED353900E871EE /* Foundation.framework */; };
		304E118915ED353900E871EE /* CoreGraphics.framework in Frameworks */ = {isa = PBXBuildFile; fileRef = 304E118815ED353900E871EE /* CoreGraphics.framework */; };
		304E118F15ED353900E871EE /* InfoPlist.strings in Resources */ = {isa = PBXBuildFile; fileRef = 304E118D15ED353900E871EE /* InfoPlist.strings */; };
		304E119115ED353900E871EE /* main.m in Sources */ = {isa = PBXBuildFile; fileRef = 304E119015ED353900E871EE /* main.m */; };
		304E119515ED353900E871EE /* AppDelegate.m in Sources */ = {isa = PBXBuildFile; fileRef = 304E119415ED353900E871EE /* AppDelegate.m */; };
		304E119815ED353900E871EE /* ViewController.m in Sources */ = {isa = PBXBuildFile; fileRef = 304E119715ED353900E871EE /* ViewController.m */; };
		304E119B15ED353900E871EE /* ViewController.xib in Resources */ = {isa = PBXBuildFile; fileRef = 304E119915ED353900E871EE /* ViewController.xib */; };
		304E11A415ED368700E871EE /* HomeScreen.m in Sources */ = {isa = PBXBuildFile; fileRef = 304E11A215ED368700E871EE /* HomeScreen.m */; };
		304E11A515ED368700E871EE /* HomeScreen.xib in Resources */ = {isa = PBXBuildFile; fileRef = 304E11A315ED368700E871EE /* HomeScreen.xib */; };
		304E11B615ED388F00E871EE /* app_bg_plain.png in Resources */ = {isa = PBXBuildFile; fileRef = 304E11A815ED388F00E871EE /* app_bg_plain.png */; };
		304E11B715ED388F00E871EE /* app_bg.png in Resources */ = {isa = PBXBuildFile; fileRef = 304E11A915ED388F00E871EE /* app_bg.png */; };
		304E11B815ED388F00E871EE /* events_bg.png in Resources */ = {isa = PBXBuildFile; fileRef = 304E11AA15ED388F00E871EE /* events_bg.png */; };
		304E11B915ED388F00E871EE /* events.png in Resources */ = {isa = PBXBuildFile; fileRef = 304E11AB15ED388F00E871EE /* events.png */; };
		304E11BA15ED388F00E871EE /* join_bg.png in Resources */ = {isa = PBXBuildFile; fileRef = 304E11AC15ED388F00E871EE /* join_bg.png */; };
		304E11BB15ED388F00E871EE /* joinus.png in Resources */ = {isa = PBXBuildFile; fileRef = 304E11AD15ED388F00E871EE /* joinus.png */; };
		304E11BC15ED388F00E871EE /* members.png in Resources */ = {isa = PBXBuildFile; fileRef = 304E11AE15ED388F00E871EE /* members.png */; };
		304E11BD15ED388F00E871EE /* news_BGpng.png in Resources */ = {isa = PBXBuildFile; fileRef = 304E11AF15ED388F00E871EE /* news_BGpng.png */; };
		304E11BE15ED388F00E871EE /* news.png in Resources */ = {isa = PBXBuildFile; fileRef = 304E11B015ED388F00E871EE /* news.png */; };
		304E11BF15ED388F00E871EE /* search_bg.png in Resources */ = {isa = PBXBuildFile; fileRef = 304E11B115ED388F00E871EE /* search_bg.png */; };
		304E11C015ED388F00E871EE /* search.png in Resources */ = {isa = PBXBuildFile; fileRef = 304E11B215ED388F00E871EE /* search.png */; };
		304E11C115ED388F00E871EE /* work_bg.png in Resources */ = {isa = PBXBuildFile; fileRef = 304E11B315ED388F00E871EE /* work_bg.png */; };
		304E11C215ED388F00E871EE /* work_request.png in Resources */ = {isa = PBXBuildFile; fileRef = 304E11B415ED388F00E871EE /* work_request.png */; };
		304E11C615ED3ABC00E871EE /* SearchScreen.m in Sources */ = {isa = PBXBuildFile; fileRef = 304E11C415ED3ABC00E871EE /* SearchScreen.m */; };
		304E11C715ED3ABC00E871EE /* SearchScreen.xib in Resources */ = {isa = PBXBuildFile; fileRef = 304E11C515ED3ABC00E871EE /* SearchScreen.xib */; };
		304E11CB15ED3F3600E871EE /* SearchListView.m in Sources */ = {isa = PBXBuildFile; fileRef = 304E11C915ED3F3600E871EE /* SearchListView.m */; };
		304E11CC15ED3F3600E871EE /* SearchListView.xib in Resources */ = {isa = PBXBuildFile; fileRef = 304E11CA15ED3F3600E871EE /* SearchListView.xib */; };
		304E11D015ED473100E871EE /* WorkRequestScreen.m in Sources */ = {isa = PBXBuildFile; fileRef = 304E11CE15ED473100E871EE /* WorkRequestScreen.m */; };
		304E11D115ED473100E871EE /* WorkRequestScreen.xib in Resources */ = {isa = PBXBuildFile; fileRef = 304E11CF15ED473100E871EE /* WorkRequestScreen.xib */; };
		30C7FAF215EE9C5E00862F65 /* CategoryObject.m in Sources */ = {isa = PBXBuildFile; fileRef = 30C7FAF115EE9C5E00862F65 /* CategoryObject.m */; };
		30C7FAF715EEA10600862F65 /* EventList.m in Sources */ = {isa = PBXBuildFile; fileRef = 30C7FAF515EEA10600862F65 /* EventList.m */; };
		30C7FAF815EEA10600862F65 /* EventList.xib in Resources */ = {isa = PBXBuildFile; fileRef = 30C7FAF615EEA10600862F65 /* EventList.xib */; };
		30C7FAFC15EEA12A00862F65 /* EventListCell.m in Sources */ = {isa = PBXBuildFile; fileRef = 30C7FAFA15EEA12A00862F65 /* EventListCell.m */; };
		30C7FAFD15EEA12A00862F65 /* EventListCell.xib in Resources */ = {isa = PBXBuildFile; fileRef = 30C7FAFB15EEA12A00862F65 /* EventListCell.xib */; };
		30C7FB0115EEA41000862F65 /* EventDetailScreen.m in Sources */ = {isa = PBXBuildFile; fileRef = 30C7FAFF15EEA41000862F65 /* EventDetailScreen.m */; };
		30C7FB0215EEA41000862F65 /* EventDetailScreen.xib in Resources */ = {isa = PBXBuildFile; fileRef = 30C7FB0015EEA41000862F65 /* EventDetailScreen.xib */; };
		30C7FB0615EEAB2500862F65 /* JoinUsScreen.m in Sources */ = {isa = PBXBuildFile; fileRef = 30C7FB0415EEAB2500862F65 /* JoinUsScreen.m */; };
		30C7FB0715EEAB2500862F65 /* JoinUsScreen.xib in Resources */ = {isa = PBXBuildFile; fileRef = 30C7FB0515EEAB2500862F65 /* JoinUsScreen.xib */; };
/* End PBXBuildFile section */

/* Begin PBXFileReference section */
		301CBC0215F135E000A746BD /* CompanyObject.h */ = {isa = PBXFileReference; fileEncoding = 4; lastKnownFileType = sourcecode.c.h; name = CompanyObject.h; path = SBAMobile/databaseObjects/CompanyObject.h; sourceTree = "<group>"; };
		301CBC0315F135E000A746BD /* CompanyObject.m */ = {isa = PBXFileReference; fileEncoding = 4; lastKnownFileType = sourcecode.c.objc; name = CompanyObject.m; path = SBAMobile/databaseObjects/CompanyObject.m; sourceTree = "<group>"; };
		301CBC0615F13ADF00A746BD /* NewsObject.h */ = {isa = PBXFileReference; fileEncoding = 4; lastKnownFileType = sourcecode.c.h; name = NewsObject.h; path = SBAMobile/databaseObjects/NewsObject.h; sourceTree = "<group>"; };
		301CBC0715F13ADF00A746BD /* NewsObject.m */ = {isa = PBXFileReference; fileEncoding = 4; lastKnownFileType = sourcecode.c.objc; name = NewsObject.m; path = SBAMobile/databaseObjects/NewsObject.m; sourceTree = "<group>"; };
		301CBC0915F13E0E00A746BD /* DatabaseHelper.h */ = {isa = PBXFileReference; fileEncoding = 4; lastKnownFileType = sourcecode.c.h; name = DatabaseHelper.h; path = SBAMobile/databaseObjects/DatabaseHelper.h; sourceTree = "<group>"; };
		301CBC0A15F13E0E00A746BD /* DatabaseHelper.m */ = {isa = PBXFileReference; fileEncoding = 4; lastKnownFileType = sourcecode.c.objc; name = DatabaseHelper.m; path = SBAMobile/databaseObjects/DatabaseHelper.m; sourceTree = "<group>"; };
		301CBC0C15F13E3500A746BD /* SBADatabase.sqlite */ = {isa = PBXFileReference; lastKnownFileType = file; name = SBADatabase.sqlite; path = images/SBADatabase.sqlite; sourceTree = "<group>"; };
		301CBC1215F1435200A746BD /* libsqlite3.dylib */ = {isa = PBXFileReference; lastKnownFileType = "compiled.mach-o.dylib"; name = libsqlite3.dylib; path = usr/lib/libsqlite3.dylib; sourceTree = SDKROOT; };
		301E491315EE84E5003BBBEB /* CategoryListView.h */ = {isa = PBXFileReference; fileEncoding = 4; lastKnownFileType = sourcecode.c.h; name = CategoryListView.h; path = Controllers/CategoryListView.h; sourceTree = "<group>"; };
		301E491415EE84E5003BBBEB /* CategoryListView.m */ = {isa = PBXFileReference; fileEncoding = 4; lastKnownFileType = sourcecode.c.objc; name = CategoryListView.m; path = Controllers/CategoryListView.m; sourceTree = "<group>"; };
		301E491515EE84E5003BBBEB /* CategoryListView.xib */ = {isa = PBXFileReference; fileEncoding = 4; lastKnownFileType = file.xib; name = CategoryListView.xib; path = Controllers/CategoryListView.xib; sourceTree = "<group>"; };
		301E491815EE8508003BBBEB /* MemeberListView.h */ = {isa = PBXFileReference; fileEncoding = 4; lastKnownFileType = sourcecode.c.h; name = MemeberListView.h; path = Controllers/MemeberListView.h; sourceTree = "<group>"; };
		301E491915EE8508003BBBEB /* MemeberListView.m */ = {isa = PBXFileReference; fileEncoding = 4; lastKnownFileType = sourcecode.c.objc; name = MemeberListView.m; path = Controllers/MemeberListView.m; sourceTree = "<group>"; };
		301E491A15EE8508003BBBEB /* MemeberListView.xib */ = {isa = PBXFileReference; fileEncoding = 4; lastKnownFileType = file.xib; name = MemeberListView.xib; path = Controllers/MemeberListView.xib; sourceTree = "<group>"; };
		304E118015ED353900E871EE /* SBAMobile.app */ = {isa = PBXFileReference; explicitFileType = wrapper.application; includeInIndex = 0; path = SBAMobile.app; sourceTree = BUILT_PRODUCTS_DIR; };
		304E118415ED353900E871EE /* UIKit.framework */ = {isa = PBXFileReference; lastKnownFileType = wrapper.framework; name = UIKit.framework; path = System/Library/Frameworks/UIKit.framework; sourceTree = SDKROOT; };
		304E118615ED353900E871EE /* Foundation.framework */ = {isa = PBXFileReference; lastKnownFileType = wrapper.framework; name = Foundation.framework; path = System/Library/Frameworks/Foundation.framework; sourceTree = SDKROOT; };
		304E118815ED353900E871EE /* CoreGraphics.framework */ = {isa = PBXFileReference; lastKnownFileType = wrapper.framework; name = CoreGraphics.framework; path = System/Library/Frameworks/CoreGraphics.framework; sourceTree = SDKROOT; };
		304E118C15ED353900E871EE /* SBAMobile-Info.plist */ = {isa = PBXFileReference; lastKnownFileType = text.plist.xml; path = "SBAMobile-Info.plist"; sourceTree = "<group>"; };
		304E118E15ED353900E871EE /* en */ = {isa = PBXFileReference; lastKnownFileType = text.plist.strings; name = en; path = en.lproj/InfoPlist.strings; sourceTree = "<group>"; };
		304E119015ED353900E871EE /* main.m */ = {isa = PBXFileReference; lastKnownFileType = sourcecode.c.objc; path = main.m; sourceTree = "<group>"; };
		304E119215ED353900E871EE /* SBAMobile-Prefix.pch */ = {isa = PBXFileReference; lastKnownFileType = sourcecode.c.h; path = "SBAMobile-Prefix.pch"; sourceTree = "<group>"; };
		304E119315ED353900E871EE /* AppDelegate.h */ = {isa = PBXFileReference; lastKnownFileType = sourcecode.c.h; path = AppDelegate.h; sourceTree = "<group>"; };
		304E119415ED353900E871EE /* AppDelegate.m */ = {isa = PBXFileReference; lastKnownFileType = sourcecode.c.objc; path = AppDelegate.m; sourceTree = "<group>"; };
		304E119615ED353900E871EE /* ViewController.h */ = {isa = PBXFileReference; lastKnownFileType = sourcecode.c.h; path = ViewController.h; sourceTree = "<group>"; };
		304E119715ED353900E871EE /* ViewController.m */ = {isa = PBXFileReference; lastKnownFileType = sourcecode.c.objc; path = ViewController.m; sourceTree = "<group>"; };
		304E119A15ED353900E871EE /* en */ = {isa = PBXFileReference; lastKnownFileType = file.xib; name = en; path = en.lproj/ViewController.xib; sourceTree = "<group>"; };
		304E11A115ED368700E871EE /* HomeScreen.h */ = {isa = PBXFileReference; fileEncoding = 4; lastKnownFileType = sourcecode.c.h; name = HomeScreen.h; path = Controllers/HomeScreen.h; sourceTree = "<group>"; };
		304E11A215ED368700E871EE /* HomeScreen.m */ = {isa = PBXFileReference; fileEncoding = 4; lastKnownFileType = sourcecode.c.objc; name = HomeScreen.m; path = Controllers/HomeScreen.m; sourceTree = "<group>"; };
		304E11A315ED368700E871EE /* HomeScreen.xib */ = {isa = PBXFileReference; fileEncoding = 4; lastKnownFileType = file.xib; name = HomeScreen.xib; path = Controllers/HomeScreen.xib; sourceTree = "<group>"; };
		304E11A815ED388F00E871EE /* app_bg_plain.png */ = {isa = PBXFileReference; lastKnownFileType = image.png; path = app_bg_plain.png; sourceTree = "<group>"; };
		304E11A915ED388F00E871EE /* app_bg.png */ = {isa = PBXFileReference; lastKnownFileType = image.png; path = app_bg.png; sourceTree = "<group>"; };
		304E11AA15ED388F00E871EE /* events_bg.png */ = {isa = PBXFileReference; lastKnownFileType = image.png; path = events_bg.png; sourceTree = "<group>"; };
		304E11AB15ED388F00E871EE /* events.png */ = {isa = PBXFileReference; lastKnownFileType = image.png; path = events.png; sourceTree = "<group>"; };
		304E11AC15ED388F00E871EE /* join_bg.png */ = {isa = PBXFileReference; lastKnownFileType = image.png; path = join_bg.png; sourceTree = "<group>"; };
		304E11AD15ED388F00E871EE /* joinus.png */ = {isa = PBXFileReference; lastKnownFileType = image.png; path = joinus.png; sourceTree = "<group>"; };
		304E11AE15ED388F00E871EE /* members.png */ = {isa = PBXFileReference; lastKnownFileType = image.png; path = members.png; sourceTree = "<group>"; };
		304E11AF15ED388F00E871EE /* news_BGpng.png */ = {isa = PBXFileReference; lastKnownFileType = image.png; path = news_BGpng.png; sourceTree = "<group>"; };
		304E11B015ED388F00E871EE /* news.png */ = {isa = PBXFileReference; lastKnownFileType = image.png; path = news.png; sourceTree = "<group>"; };
		304E11B115ED388F00E871EE /* search_bg.png */ = {isa = PBXFileReference; lastKnownFileType = image.png; path = search_bg.png; sourceTree = "<group>"; };
		304E11B215ED388F00E871EE /* search.png */ = {isa = PBXFileReference; lastKnownFileType = image.png; path = search.png; sourceTree = "<group>"; };
		304E11B315ED388F00E871EE /* work_bg.png */ = {isa = PBXFileReference; lastKnownFileType = image.png; path = work_bg.png; sourceTree = "<group>"; };
		304E11B415ED388F00E871EE /* work_request.png */ = {isa = PBXFileReference; lastKnownFileType = image.png; path = work_request.png; sourceTree = "<group>"; };
		304E11C315ED3ABC00E871EE /* SearchScreen.h */ = {isa = PBXFileReference; fileEncoding = 4; lastKnownFileType = sourcecode.c.h; name = SearchScreen.h; path = Controllers/SearchScreen.h; sourceTree = "<group>"; };
		304E11C415ED3ABC00E871EE /* SearchScreen.m */ = {isa = PBXFileReference; fileEncoding = 4; lastKnownFileType = sourcecode.c.objc; name = SearchScreen.m; path = Controllers/SearchScreen.m; sourceTree = "<group>"; };
		304E11C515ED3ABC00E871EE /* SearchScreen.xib */ = {isa = PBXFileReference; fileEncoding = 4; lastKnownFileType = file.xib; name = SearchScreen.xib; path = Controllers/SearchScreen.xib; sourceTree = "<group>"; };
		304E11C815ED3F3600E871EE /* SearchListView.h */ = {isa = PBXFileReference; fileEncoding = 4; lastKnownFileType = sourcecode.c.h; name = SearchListView.h; path = Controllers/SearchListView.h; sourceTree = "<group>"; };
		304E11C915ED3F3600E871EE /* SearchListView.m */ = {isa = PBXFileReference; fileEncoding = 4; lastKnownFileType = sourcecode.c.objc; name = SearchListView.m; path = Controllers/SearchListView.m; sourceTree = "<group>"; };
		304E11CA15ED3F3600E871EE /* SearchListView.xib */ = {isa = PBXFileReference; fileEncoding = 4; lastKnownFileType = file.xib; name = SearchListView.xib; path = Controllers/SearchListView.xib; sourceTree = "<group>"; };
		304E11CD15ED473100E871EE /* WorkRequestScreen.h */ = {isa = PBXFileReference; fileEncoding = 4; lastKnownFileType = sourcecode.c.h; name = WorkRequestScreen.h; path = Controllers/WorkRequestScreen.h; sourceTree = "<group>"; };
		304E11CE15ED473100E871EE /* WorkRequestScreen.m */ = {isa = PBXFileReference; fileEncoding = 4; lastKnownFileType = sourcecode.c.objc; name = WorkRequestScreen.m; path = Controllers/WorkRequestScreen.m; sourceTree = "<group>"; };
		304E11CF15ED473100E871EE /* WorkRequestScreen.xib */ = {isa = PBXFileReference; fileEncoding = 4; lastKnownFileType = file.xib; name = WorkRequestScreen.xib; path = Controllers/WorkRequestScreen.xib; sourceTree = "<group>"; };
		30C7FAF015EE9C5E00862F65 /* CategoryObject.h */ = {isa = PBXFileReference; fileEncoding = 4; lastKnownFileType = sourcecode.c.h; name = CategoryObject.h; path = SBAMobile/databaseObjects/CategoryObject.h; sourceTree = "<group>"; };
		30C7FAF115EE9C5E00862F65 /* CategoryObject.m */ = {isa = PBXFileReference; fileEncoding = 4; lastKnownFileType = sourcecode.c.objc; name = CategoryObject.m; path = SBAMobile/databaseObjects/CategoryObject.m; sourceTree = "<group>"; };
		30C7FAF415EEA10600862F65 /* EventList.h */ = {isa = PBXFileReference; fileEncoding = 4; lastKnownFileType = sourcecode.c.h; name = EventList.h; path = Controllers/EventList.h; sourceTree = "<group>"; };
		30C7FAF515EEA10600862F65 /* EventList.m */ = {isa = PBXFileReference; fileEncoding = 4; lastKnownFileType = sourcecode.c.objc; name = EventList.m; path = Controllers/EventList.m; sourceTree = "<group>"; };
		30C7FAF615EEA10600862F65 /* EventList.xib */ = {isa = PBXFileReference; fileEncoding = 4; lastKnownFileType = file.xib; name = EventList.xib; path = Controllers/EventList.xib; sourceTree = "<group>"; };
		30C7FAF915EEA12A00862F65 /* EventListCell.h */ = {isa = PBXFileReference; fileEncoding = 4; lastKnownFileType = sourcecode.c.h; name = EventListCell.h; path = Controllers/EventListCell.h; sourceTree = "<group>"; };
		30C7FAFA15EEA12A00862F65 /* EventListCell.m */ = {isa = PBXFileReference; fileEncoding = 4; lastKnownFileType = sourcecode.c.objc; name = EventListCell.m; path = Controllers/EventListCell.m; sourceTree = "<group>"; };
		30C7FAFB15EEA12A00862F65 /* EventListCell.xib */ = {isa = PBXFileReference; fileEncoding = 4; lastKnownFileType = file.xib; name = EventListCell.xib; path = Controllers/EventListCell.xib; sourceTree = "<group>"; };
		30C7FAFE15EEA41000862F65 /* EventDetailScreen.h */ = {isa = PBXFileReference; fileEncoding = 4; lastKnownFileType = sourcecode.c.h; name = EventDetailScreen.h; path = Controllers/EventDetailScreen.h; sourceTree = "<group>"; };
		30C7FAFF15EEA41000862F65 /* EventDetailScreen.m */ = {isa = PBXFileReference; fileEncoding = 4; lastKnownFileType = sourcecode.c.objc; name = EventDetailScreen.m; path = Controllers/EventDetailScreen.m; sourceTree = "<group>"; };
		30C7FB0015EEA41000862F65 /* EventDetailScreen.xib */ = {isa = PBXFileReference; fileEncoding = 4; lastKnownFileType = file.xib; name = EventDetailScreen.xib; path = Controllers/EventDetailScreen.xib; sourceTree = "<group>"; };
		30C7FB0315EEAB2500862F65 /* JoinUsScreen.h */ = {isa = PBXFileReference; fileEncoding = 4; lastKnownFileType = sourcecode.c.h; name = JoinUsScreen.h; path = Controllers/JoinUsScreen.h; sourceTree = "<group>"; };
		30C7FB0415EEAB2500862F65 /* JoinUsScreen.m */ = {isa = PBXFileReference; fileEncoding = 4; lastKnownFileType = sourcecode.c.objc; name = JoinUsScreen.m; path = Controllers/JoinUsScreen.m; sourceTree = "<group>"; };
		30C7FB0515EEAB2500862F65 /* JoinUsScreen.xib */ = {isa = PBXFileReference; fileEncoding = 4; lastKnownFileType = file.xib; name = JoinUsScreen.xib; path = Controllers/JoinUsScreen.xib; sourceTree = "<group>"; };
/* End PBXFileReference section */

/* Begin PBXFrameworksBuildPhase section */
		304E117D15ED353900E871EE /* Frameworks */ = {
			isa = PBXFrameworksBuildPhase;
			buildActionMask = 2147483647;
			files = (
				301CBC1315F1435200A746BD /* libsqlite3.dylib in Frameworks */,
				304E118515ED353900E871EE /* UIKit.framework in Frameworks */,
				304E118715ED353900E871EE /* Foundation.framework in Frameworks */,
				304E118915ED353900E871EE /* CoreGraphics.framework in Frameworks */,
			);
			runOnlyForDeploymentPostprocessing = 0;
		};
/* End PBXFrameworksBuildPhase section */

/* Begin PBXGroup section */
		301E491D15EE860F003BBBEB /* ObjectClasses */ = {
			isa = PBXGroup;
			children = (
				30C7FAF015EE9C5E00862F65 /* CategoryObject.h */,
				30C7FAF115EE9C5E00862F65 /* CategoryObject.m */,
				301CBC0215F135E000A746BD /* CompanyObject.h */,
				301CBC0315F135E000A746BD /* CompanyObject.m */,
				301CBC0615F13ADF00A746BD /* NewsObject.h */,
				301CBC0715F13ADF00A746BD /* NewsObject.m */,
				301CBC0915F13E0E00A746BD /* DatabaseHelper.h */,
				301CBC0A15F13E0E00A746BD /* DatabaseHelper.m */,
			);
			name = ObjectClasses;
			sourceTree = "<group>";
		};
		304E117515ED353800E871EE = {
			isa = PBXGroup;
			children = (
				301CBC1215F1435200A746BD /* libsqlite3.dylib */,
				301E491D15EE860F003BBBEB /* ObjectClasses */,
				304E118A15ED353900E871EE /* SBAMobile */,
				304E118315ED353900E871EE /* Frameworks */,
				304E118115ED353900E871EE /* Products */,
			);
			sourceTree = "<group>";
		};
		304E118115ED353900E871EE /* Products */ = {
			isa = PBXGroup;
			children = (
				304E118015ED353900E871EE /* SBAMobile.app */,
			);
			name = Products;
			sourceTree = "<group>";
		};
		304E118315ED353900E871EE /* Frameworks */ = {
			isa = PBXGroup;
			children = (
				304E118415ED353900E871EE /* UIKit.framework */,
				304E118615ED353900E871EE /* Foundation.framework */,
				304E118815ED353900E871EE /* CoreGraphics.framework */,
			);
			name = Frameworks;
			sourceTree = "<group>";
		};
		304E118A15ED353900E871EE /* SBAMobile */ = {
			isa = PBXGroup;
			children = (
				304E119315ED353900E871EE /* AppDelegate.h */,
				304E119415ED353900E871EE /* AppDelegate.m */,
				304E11A115ED368700E871EE /* HomeScreen.h */,
				304E11A215ED368700E871EE /* HomeScreen.m */,
				304E11A315ED368700E871EE /* HomeScreen.xib */,
				304E11CD15ED473100E871EE /* WorkRequestScreen.h */,
				304E11CE15ED473100E871EE /* WorkRequestScreen.m */,
				304E11CF15ED473100E871EE /* WorkRequestScreen.xib */,
				304E11C315ED3ABC00E871EE /* SearchScreen.h */,
				304E11C415ED3ABC00E871EE /* SearchScreen.m */,
				304E11C515ED3ABC00E871EE /* SearchScreen.xib */,
				304E11C815ED3F3600E871EE /* SearchListView.h */,
				304E11C915ED3F3600E871EE /* SearchListView.m */,
				304E11CA15ED3F3600E871EE /* SearchListView.xib */,
				304E118B15ED353900E871EE /* Supporting Files */,
				301E491315EE84E5003BBBEB /* CategoryListView.h */,
				301E491415EE84E5003BBBEB /* CategoryListView.m */,
				301E491515EE84E5003BBBEB /* CategoryListView.xib */,
				301E491815EE8508003BBBEB /* MemeberListView.h */,
				301E491915EE8508003BBBEB /* MemeberListView.m */,
				301E491A15EE8508003BBBEB /* MemeberListView.xib */,
				30C7FAF415EEA10600862F65 /* EventList.h */,
				30C7FAF515EEA10600862F65 /* EventList.m */,
				30C7FAF615EEA10600862F65 /* EventList.xib */,
				30C7FAF915EEA12A00862F65 /* EventListCell.h */,
				30C7FAFA15EEA12A00862F65 /* EventListCell.m */,
				30C7FAFB15EEA12A00862F65 /* EventListCell.xib */,
				30C7FAFE15EEA41000862F65 /* EventDetailScreen.h */,
				30C7FAFF15EEA41000862F65 /* EventDetailScreen.m */,
				30C7FB0015EEA41000862F65 /* EventDetailScreen.xib */,
				30C7FB0315EEAB2500862F65 /* JoinUsScreen.h */,
				30C7FB0415EEAB2500862F65 /* JoinUsScreen.m */,
				30C7FB0515EEAB2500862F65 /* JoinUsScreen.xib */,
			);
			path = SBAMobile;
			sourceTree = "<group>";
		};
		304E118B15ED353900E871EE /* Supporting Files */ = {
			isa = PBXGroup;
			children = (
				304E119615ED353900E871EE /* ViewController.h */,
				304E119715ED353900E871EE /* ViewController.m */,
				301CBC0C15F13E3500A746BD /* SBADatabase.sqlite */,
				304E11A615ED385F00E871EE /* images */,
				304E119915ED353900E871EE /* ViewController.xib */,
				304E118C15ED353900E871EE /* SBAMobile-Info.plist */,
				304E118D15ED353900E871EE /* InfoPlist.strings */,
				304E119015ED353900E871EE /* main.m */,
				304E119215ED353900E871EE /* SBAMobile-Prefix.pch */,
			);
			name = "Supporting Files";
			sourceTree = "<group>";
		};
		304E11A615ED385F00E871EE /* images */ = {
			isa = PBXGroup;
			children = (
				304E11A815ED388F00E871EE /* app_bg_plain.png */,
				304E11A915ED388F00E871EE /* app_bg.png */,
				304E11AA15ED388F00E871EE /* events_bg.png */,
				304E11AB15ED388F00E871EE /* events.png */,
				304E11AC15ED388F00E871EE /* join_bg.png */,
				304E11AD15ED388F00E871EE /* joinus.png */,
				304E11AE15ED388F00E871EE /* members.png */,
				304E11AF15ED388F00E871EE /* news_BGpng.png */,
				304E11B015ED388F00E871EE /* news.png */,
				304E11B115ED388F00E871EE /* search_bg.png */,
				304E11B215ED388F00E871EE /* search.png */,
				304E11B315ED388F00E871EE /* work_bg.png */,
				304E11B415ED388F00E871EE /* work_request.png */,
			);
			path = images;
			sourceTree = "<group>";
		};
/* End PBXGroup section */

/* Begin PBXNativeTarget section */
		304E117F15ED353900E871EE /* SBAMobile */ = {
			isa = PBXNativeTarget;
			buildConfigurationList = 304E119E15ED353900E871EE /* Build configuration list for PBXNativeTarget "SBAMobile" */;
			buildPhases = (
				304E117C15ED353900E871EE /* Sources */,
				304E117D15ED353900E871EE /* Frameworks */,
				304E117E15ED353900E871EE /* Resources */,
			);
			buildRules = (
			);
			dependencies = (
			);
			name = SBAMobile;
			productName = SBAMobile;
			productReference = 304E118015ED353900E871EE /* SBAMobile.app */;
			productType = "com.apple.product-type.application";
		};
/* End PBXNativeTarget section */

/* Begin PBXProject section */
		304E117715ED353800E871EE /* Project object */ = {
			isa = PBXProject;
			attributes = {
				LastUpgradeCheck = 0430;
				ORGANIZATIONNAME = "vivekplwl@gmail.com";
			};
			buildConfigurationList = 304E117A15ED353800E871EE /* Build configuration list for PBXProject "SBAMobile" */;
			compatibilityVersion = "Xcode 3.2";
			developmentRegion = English;
			hasScannedForEncodings = 0;
			knownRegions = (
				en,
			);
			mainGroup = 304E117515ED353800E871EE;
			productRefGroup = 304E118115ED353900E871EE /* Products */;
			projectDirPath = "";
			projectRoot = "";
			targets = (
				304E117F15ED353900E871EE /* SBAMobile */,
			);
		};
/* End PBXProject section */

/* Begin PBXResourcesBuildPhase section */
		304E117E15ED353900E871EE /* Resources */ = {
			isa = PBXResourcesBuildPhase;
			buildActionMask = 2147483647;
			files = (
				304E118F15ED353900E871EE /* InfoPlist.strings in Resources */,
				304E119B15ED353900E871EE /* ViewController.xib in Resources */,
				304E11A515ED368700E871EE /* HomeScreen.xib in Resources */,
				304E11B615ED388F00E871EE /* app_bg_plain.png in Resources */,
				304E11B715ED388F00E871EE /* app_bg.png in Resources */,
				304E11B815ED388F00E871EE /* events_bg.png in Resources */,
				304E11B915ED388F00E871EE /* events.png in Resources */,
				304E11BA15ED388F00E871EE /* join_bg.png in Resources */,
				304E11BB15ED388F00E871EE /* joinus.png in Resources */,
				304E11BC15ED388F00E871EE /* members.png in Resources */,
				304E11BD15ED388F00E871EE /* news_BGpng.png in Resources */,
				304E11BE15ED388F00E871EE /* news.png in Resources */,
				304E11BF15ED388F00E871EE /* search_bg.png in Resources */,
				304E11C015ED388F00E871EE /* search.png in Resources */,
				304E11C115ED388F00E871EE /* work_bg.png in Resources */,
				304E11C215ED388F00E871EE /* work_request.png in Resources */,
				304E11C715ED3ABC00E871EE /* SearchScreen.xib in Resources */,
				304E11CC15ED3F3600E871EE /* SearchListView.xib in Resources */,
				304E11D115ED473100E871EE /* WorkRequestScreen.xib in Resources */,
				301E491715EE84E5003BBBEB /* CategoryListView.xib in Resources */,
				301E491C15EE8508003BBBEB /* MemeberListView.xib in Resources */,
				30C7FAF815EEA10600862F65 /* EventList.xib in Resources */,
				30C7FAFD15EEA12A00862F65 /* EventListCell.xib in Resources */,
				30C7FB0215EEA41000862F65 /* EventDetailScreen.xib in Resources */,
				30C7FB0715EEAB2500862F65 /* JoinUsScreen.xib in Resources */,
				301CBC0D15F13E3500A746BD /* SBADatabase.sqlite in Resources */,
			);
			runOnlyForDeploymentPostprocessing = 0;
		};
/* End PBXResourcesBuildPhase section */

/* Begin PBXSourcesBuildPhase section */
		304E117C15ED353900E871EE /* Sources */ = {
			isa = PBXSourcesBuildPhase;
			buildActionMask = 2147483647;
			files = (
				304E119115ED353900E871EE /* main.m in Sources */,
				304E119515ED353900E871EE /* AppDelegate.m in Sources */,
				304E119815ED353900E871EE /* ViewController.m in Sources */,
				304E11A415ED368700E871EE /* HomeScreen.m in Sources */,
				304E11C615ED3ABC00E871EE /* SearchScreen.m in Sources */,
				304E11CB15ED3F3600E871EE /* SearchListView.m in Sources */,
				304E11D015ED473100E871EE /* WorkRequestScreen.m in Sources */,
				301E491615EE84E5003BBBEB /* CategoryListView.m in Sources */,
				301E491B15EE8508003BBBEB /* MemeberListView.m in Sources */,
				30C7FAF215EE9C5E00862F65 /* CategoryObject.m in Sources */,
				30C7FAF715EEA10600862F65 /* EventList.m in Sources */,
				30C7FAFC15EEA12A00862F65 /* EventListCell.m in Sources */,
				30C7FB0115EEA41000862F65 /* EventDetailScreen.m in Sources */,
				30C7FB0615EEAB2500862F65 /* JoinUsScreen.m in Sources */,
				301CBC0415F135E000A746BD /* CompanyObject.m in Sources */,
				301CBC0815F13ADF00A746BD /* NewsObject.m in Sources */,
				301CBC0B15F13E0E00A746BD /* DatabaseHelper.m in Sources */,
			);
			runOnlyForDeploymentPostprocessing = 0;
		};
/* End PBXSourcesBuildPhase section */

/* Begin PBXVariantGroup section */
		304E118D15ED353900E871EE /* InfoPlist.strings */ = {
			isa = PBXVariantGroup;
			children = (
				304E118E15ED353900E871EE /* en */,
			);
			name = InfoPlist.strings;
			sourceTree = "<group>";
		};
		304E119915ED353900E871EE /* ViewController.xib */ = {
			isa = PBXVariantGroup;
			children = (
				304E119A15ED353900E871EE /* en */,
			);
			name = ViewController.xib;
			sourceTree = "<group>";
		};
/* End PBXVariantGroup section */

/* Begin XCBuildConfiguration section */
		304E119C15ED353900E871EE /* Debug */ = {
			isa = XCBuildConfiguration;
			buildSettings = {
				ALWAYS_SEARCH_USER_PATHS = NO;
				ARCHS = "$(ARCHS_STANDARD_32_BIT)";
				"CODE_SIGN_IDENTITY[sdk=iphoneos*]" = "iPhone Developer";
				COPY_PHASE_STRIP = NO;
				GCC_C_LANGUAGE_STANDARD = gnu99;
				GCC_DYNAMIC_NO_PIC = NO;
				GCC_OPTIMIZATION_LEVEL = 0;
				GCC_PREPROCESSOR_DEFINITIONS = (
					"DEBUG=1",
					"$(inherited)",
				);
				GCC_SYMBOLS_PRIVATE_EXTERN = NO;
				GCC_VERSION = com.apple.compilers.llvm.clang.1_0;
				GCC_WARN_ABOUT_RETURN_TYPE = YES;
				GCC_WARN_UNINITIALIZED_AUTOS = YES;
				GCC_WARN_UNUSED_VARIABLE = YES;
				IPHONEOS_DEPLOYMENT_TARGET = 5.1;
				SDKROOT = iphoneos;
			};
			name = Debug;
		};
		304E119D15ED353900E871EE /* Release */ = {
			isa = XCBuildConfiguration;
			buildSettings = {
				ALWAYS_SEARCH_USER_PATHS = NO;
				ARCHS = "$(ARCHS_STANDARD_32_BIT)";
				"CODE_SIGN_IDENTITY[sdk=iphoneos*]" = "iPhone Developer";
				COPY_PHASE_STRIP = YES;
				GCC_C_LANGUAGE_STANDARD = gnu99;
				GCC_VERSION = com.apple.compilers.llvm.clang.1_0;
				GCC_WARN_ABOUT_RETURN_TYPE = YES;
				GCC_WARN_UNINITIALIZED_AUTOS = YES;
				GCC_WARN_UNUSED_VARIABLE = YES;
				IPHONEOS_DEPLOYMENT_TARGET = 5.1;
				OTHER_CFLAGS = "-DNS_BLOCK_ASSERTIONS=1";
				SDKROOT = iphoneos;
				VALIDATE_PRODUCT = YES;
			};
			name = Release;
		};
		304E119F15ED353900E871EE /* Debug */ = {
			isa = XCBuildConfiguration;
			buildSettings = {
				GCC_PRECOMPILE_PREFIX_HEADER = YES;
				GCC_PREFIX_HEADER = "SBAMobile/SBAMobile-Prefix.pch";
				INFOPLIST_FILE = "SBAMobile/SBAMobile-Info.plist";
				IPHONEOS_DEPLOYMENT_TARGET = 3.2;
				PRODUCT_NAME = "$(TARGET_NAME)";
				WRAPPER_EXTENSION = app;
			};
			name = Debug;
		};
		304E11A015ED353900E871EE /* Release */ = {
			isa = XCBuildConfiguration;
			buildSettings = {
				GCC_PRECOMPILE_PREFIX_HEADER = YES;
				GCC_PREFIX_HEADER = "SBAMobile/SBAMobile-Prefix.pch";
				INFOPLIST_FILE = "SBAMobile/SBAMobile-Info.plist";
				IPHONEOS_DEPLOYMENT_TARGET = 3.2;
				PRODUCT_NAME = "$(TARGET_NAME)";
				WRAPPER_EXTENSION = app;
			};
			name = Release;
		};
/* End XCBuildConfiguration section */

/* Begin XCConfigurationList section */
		304E117A15ED353800E871EE /* Build configuration list for PBXProject "SBAMobile" */ = {
			isa = XCConfigurationList;
			buildConfigurations = (
				304E119C15ED353900E871EE /* Debug */,
				304E119D15ED353900E871EE /* Release */,
			);
			defaultConfigurationIsVisible = 0;
			defaultConfigurationName = Release;
		};
		304E119E15ED353900E871EE /* Build configuration list for PBXNativeTarget "SBAMobile" */ = {
			isa = XCConfigurationList;
			buildConfigurations = (
				304E119F15ED353900E871EE /* Debug */,
				304E11A015ED353900E871EE /* Release */,
			);
			defaultConfigurationIsVisible = 0;
			defaultConfigurationName = Release;
		};
/* End XCConfigurationList section */
	};
	rootObject = 304E117715ED353800E871EE /* Project object */;
}
